
Microsoft Visual Studio Solution File, Format Version 12.00
# Visual Studio Version 16
VisualStudioVersion = 16.0.31911.196
MinimumVisualStudioVersion = 10.0.40219.1
Project("{FAE04EC0-301F-11D3-BF4B-00C04F79EFBC}") = "DACSAN_BANHTRANG", "DACSAN_BANHTRANG\DACSAN_BANHTRANG.csproj", "{6D8239D1-2605-4B15-A9E4-5C703EAAD95B}"
EndProject
Global
	GlobalSection(SolutionConfigurationPlatforms) = preSolution
		Debug|Any CPU = Debug|Any CPU
		Release|Any CPU = Release|Any CPU
	EndGlobalSection
	GlobalSection(ProjectConfigurationPlatforms) = postSolution
		{6D8239D1-2605-4B15-A9E4-5C703EAAD95B}.Debug|Any CPU.ActiveCfg = Debug|Any CPU
		{6D8239D1-2605-4B15-A9E4-5C703EAAD95B}.Debug|Any CPU.Build.0 = Debug|Any CPU
		{6D8239D1-2605-4B15-A9E4-5C703EAAD95B}.Release|Any CPU.ActiveCfg = Release|Any CPU
		{6D8239D1-2605-4B15-A9E4-5C703EAAD95B}.Release|Any CPU.Build.0 = Release|Any CPU
	EndGlobalSection
	GlobalSection(SolutionProperties) = preSolution
		HideSolutionNode = FALSE
	EndGlobalSection
	GlobalSection(ExtensibilityGlobals) = postSolution
		SolutionGuid = {B0EE57E8-392D-439E-B91C-1A58DE305ED3}
	EndGlobalSection
EndGlobal
